
Microsoft Visual Studio Solution File, Format Version 12.00
# Visual Studio Version 17
VisualStudioVersion = 17.2.32630.192
MinimumVisualStudioVersion = 10.0.40219.1
Project("{FAE04EC0-301F-11D3-BF4B-00C04F79EFBC}") = "evelopments(sobitia)29.09.2022", "evelopments(sobitia)29.09.2022\evelopments(sobitia)29.09.2022.csproj", "{E3350C38-2F47-4C90-84FF-5A9AAF99B3B9}"
EndProject
Global
	GlobalSection(SolutionConfigurationPlatforms) = preSolution
		Debug|Any CPU = Debug|Any CPU
		Release|Any CPU = Release|Any CPU
	EndGlobalSection
	GlobalSection(ProjectConfigurationPlatforms) = postSolution
		{E3350C38-2F47-4C90-84FF-5A9AAF99B3B9}.Debug|Any CPU.ActiveCfg = Debug|Any CPU
		{E3350C38-2F47-4C90-84FF-5A9AAF99B3B9}.Debug|Any CPU.Build.0 = Debug|Any CPU
		{E3350C38-2F47-4C90-84FF-5A9AAF99B3B9}.Release|Any CPU.ActiveCfg = Release|Any CPU
		{E3350C38-2F47-4C90-84FF-5A9AAF99B3B9}.Release|Any CPU.Build.0 = Release|Any CPU
	EndGlobalSection
	GlobalSection(SolutionProperties) = preSolution
		HideSolutionNode = FALSE
	EndGlobalSection
	GlobalSection(ExtensibilityGlobals) = postSolution
		SolutionGuid = {B50D61CD-FDE0-47B6-95DF-38DF29685567}
	EndGlobalSection
EndGlobal
